
Microsoft Visual Studio Solution File, Format Version 12.00
# Visual Studio Version 17
VisualStudioVersion = 17.11.35312.102
MinimumVisualStudioVersion = 10.0.40219.1
Project("{9A19103F-16F7-4668-BE54-9A1E7A4F7556}") = "Factory", "Factory\Factory.csproj", "{81042B4E-E017-416C-8740-4DE4621E9CE4}"
EndProject
Project("{2150E333-8FDC-42A3-9474-1A3956D46DE8}") = "1_Creational", "1_Creational", "{845863D4-41A9-41B0-A09E-FCD44083CC00}"
EndProject
Project("{2150E333-8FDC-42A3-9474-1A3956D46DE8}") = "2_Structural", "2_Structural", "{A2F27CFE-8A1B-4C2D-A102-C4F7577383B9}"
EndProject
Project("{2150E333-8FDC-42A3-9474-1A3956D46DE8}") = "3_Behavioural", "3_Behavioural", "{A0A61AA9-1337-4309-834E-3435C07C6B48}"
EndProject
Project("{9A19103F-16F7-4668-BE54-9A1E7A4F7556}") = "AbstractFactoryPattern", "AbstractFactoryPattern\AbstractFactoryPattern.csproj", "{C7882C08-4E92-4EC0-8508-DE130E0B9FA3}"
EndProject
Project("{9A19103F-16F7-4668-BE54-9A1E7A4F7556}") = "BuilderPattern", "BuilderPattern\BuilderPattern.csproj", "{94080703-2703-4B6B-98C5-52EE5A94B77A}"
EndProject
Project("{9A19103F-16F7-4668-BE54-9A1E7A4F7556}") = "PrototypePattern", "PrototypePattern\PrototypePattern.csproj", "{13D7A982-C9D9-4F07-8466-B490FCBA6463}"
EndProject
Project("{9A19103F-16F7-4668-BE54-9A1E7A4F7556}") = "SingletonPattern", "SingletonPattern\SingletonPattern.csproj", "{F0CD9BAC-3415-4279-920B-1E1AAD98E045}"
EndProject
Project("{9A19103F-16F7-4668-BE54-9A1E7A4F7556}") = "AdapterPattern", "AdapterPattern\AdapterPattern.csproj", "{A44C2BBA-9503-46F6-8452-5A66161D631A}"
EndProject
Project("{9A19103F-16F7-4668-BE54-9A1E7A4F7556}") = "BridgePattern", "BridgePattern\BridgePattern.csproj", "{B24AA094-7688-4BBB-9A08-6FC4BF40F558}"
EndProject
Project("{9A19103F-16F7-4668-BE54-9A1E7A4F7556}") = "CompositePattern", "CompositePattern\CompositePattern.csproj", "{1E09FAA5-E299-4605-86BF-2936B0B6CFD3}"
EndProject
Project("{9A19103F-16F7-4668-BE54-9A1E7A4F7556}") = "DecoratorPattern", "DecoratorPattern\DecoratorPattern.csproj", "{CFE17D80-B39B-428E-9AC4-0E83B268E897}"
EndProject
Project("{9A19103F-16F7-4668-BE54-9A1E7A4F7556}") = "FacadePattern", "FacadePattern\FacadePattern.csproj", "{3E7575D2-CC08-442F-94A9-1BD421722066}"
EndProject
Project("{9A19103F-16F7-4668-BE54-9A1E7A4F7556}") = "FlyWeightPattern", "FlyWeightPattern\FlyWeightPattern.csproj", "{58E82594-892C-4FD8-BA25-06AA5F35F882}"
EndProject
Project("{9A19103F-16F7-4668-BE54-9A1E7A4F7556}") = "ProxyPattern", "ProxyPattern\ProxyPattern.csproj", "{2AD45D0D-1D19-4359-889A-ACBBEDD2ED50}"
EndProject
Project("{9A19103F-16F7-4668-BE54-9A1E7A4F7556}") = "ChainOfResponsibilityPattern", "ChainOfResponsibilityPattern\ChainOfResponsibilityPattern.csproj", "{5F919C0F-3DC7-4FF4-B48E-256E5A0F2762}"
EndProject
Project("{9A19103F-16F7-4668-BE54-9A1E7A4F7556}") = "TemplatePattern", "TemplatePattern\TemplatePattern.csproj", "{BF503C88-E369-4DD8-960B-B85B5D1D4ED8}"
EndProject
Project("{9A19103F-16F7-4668-BE54-9A1E7A4F7556}") = "ObserverPattern", "ObserverPattern\ObserverPattern.csproj", "{7A2089F2-45A8-41DD-B654-E9B453B0B3A1}"
EndProject
Project("{9A19103F-16F7-4668-BE54-9A1E7A4F7556}") = "VisitorPattern", "VisitorPattern\VisitorPattern.csproj", "{E8384BF2-EDA4-4888-A53D-DA6D3D2E22E2}"
EndProject
Project("{9A19103F-16F7-4668-BE54-9A1E7A4F7556}") = "StrategyPattern", "StrategyPattern\StrategyPattern.csproj", "{0C2709A1-5891-4C25-8592-A6A0B84FD4D9}"
EndProject
Project("{9A19103F-16F7-4668-BE54-9A1E7A4F7556}") = "MementoPattern", "MementoPattern\MementoPattern.csproj", "{41F62770-8A91-47ED-8EC5-7609F8BA4004}"
EndProject
Project("{9A19103F-16F7-4668-BE54-9A1E7A4F7556}") = "MediatorPattern", "MediatorPattern\MediatorPattern.csproj", "{BC616D54-713C-4FCC-8AB4-DA5859A85CC0}"
EndProject
Project("{FAE04EC0-301F-11D3-BF4B-00C04F79EFBC}") = "StatePattern", "StatePattern\StatePattern.csproj", "{50608EC6-DB06-4AC2-9AB4-FEA253A40C44}"
EndProject
Project("{FAE04EC0-301F-11D3-BF4B-00C04F79EFBC}") = "CommandPattern", "CommandPattern\CommandPattern.csproj", "{94A5AA84-B02A-4009-83E6-E4A32293EA50}"
EndProject
Project("{FAE04EC0-301F-11D3-BF4B-00C04F79EFBC}") = "IteratorPattern", "IteratorPattern\IteratorPattern.csproj", "{3B7A362A-7E7A-4DEC-AA1A-3298029EDA49}"
EndProject
Global
	GlobalSection(SolutionConfigurationPlatforms) = preSolution
		Debug|Any CPU = Debug|Any CPU
		Release|Any CPU = Release|Any CPU
	EndGlobalSection
	GlobalSection(ProjectConfigurationPlatforms) = postSolution
		{81042B4E-E017-416C-8740-4DE4621E9CE4}.Debug|Any CPU.ActiveCfg = Debug|Any CPU
		{81042B4E-E017-416C-8740-4DE4621E9CE4}.Debug|Any CPU.Build.0 = Debug|Any CPU
		{81042B4E-E017-416C-8740-4DE4621E9CE4}.Release|Any CPU.ActiveCfg = Release|Any CPU
		{81042B4E-E017-416C-8740-4DE4621E9CE4}.Release|Any CPU.Build.0 = Release|Any CPU
		{C7882C08-4E92-4EC0-8508-DE130E0B9FA3}.Debug|Any CPU.ActiveCfg = Debug|Any CPU
		{C7882C08-4E92-4EC0-8508-DE130E0B9FA3}.Debug|Any CPU.Build.0 = Debug|Any CPU
		{C7882C08-4E92-4EC0-8508-DE130E0B9FA3}.Release|Any CPU.ActiveCfg = Release|Any CPU
		{C7882C08-4E92-4EC0-8508-DE130E0B9FA3}.Release|Any CPU.Build.0 = Release|Any CPU
		{94080703-2703-4B6B-98C5-52EE5A94B77A}.Debug|Any CPU.ActiveCfg = Debug|Any CPU
		{94080703-2703-4B6B-98C5-52EE5A94B77A}.Debug|Any CPU.Build.0 = Debug|Any CPU
		{94080703-2703-4B6B-98C5-52EE5A94B77A}.Release|Any CPU.ActiveCfg = Release|Any CPU
		{94080703-2703-4B6B-98C5-52EE5A94B77A}.Release|Any CPU.Build.0 = Release|Any CPU
		{13D7A982-C9D9-4F07-8466-B490FCBA6463}.Debug|Any CPU.ActiveCfg = Debug|Any CPU
		{13D7A982-C9D9-4F07-8466-B490FCBA6463}.Debug|Any CPU.Build.0 = Debug|Any CPU
		{13D7A982-C9D9-4F07-8466-B490FCBA6463}.Release|Any CPU.ActiveCfg = Release|Any CPU
		{13D7A982-C9D9-4F07-8466-B490FCBA6463}.Release|Any CPU.Build.0 = Release|Any CPU
		{F0CD9BAC-3415-4279-920B-1E1AAD98E045}.Debug|Any CPU.ActiveCfg = Debug|Any CPU
		{F0CD9BAC-3415-4279-920B-1E1AAD98E045}.Debug|Any CPU.Build.0 = Debug|Any CPU
		{F0CD9BAC-3415-4279-920B-1E1AAD98E045}.Release|Any CPU.ActiveCfg = Release|Any CPU
		{F0CD9BAC-3415-4279-920B-1E1AAD98E045}.Release|Any CPU.Build.0 = Release|Any CPU
		{A44C2BBA-9503-46F6-8452-5A66161D631A}.Debug|Any CPU.ActiveCfg = Debug|Any CPU
		{A44C2BBA-9503-46F6-8452-5A66161D631A}.Debug|Any CPU.Build.0 = Debug|Any CPU
		{A44C2BBA-9503-46F6-8452-5A66161D631A}.Release|Any CPU.ActiveCfg = Release|Any CPU
		{A44C2BBA-9503-46F6-8452-5A66161D631A}.Release|Any CPU.Build.0 = Release|Any CPU
		{B24AA094-7688-4BBB-9A08-6FC4BF40F558}.Debug|Any CPU.ActiveCfg = Debug|Any CPU
		{B24AA094-7688-4BBB-9A08-6FC4BF40F558}.Debug|Any CPU.Build.0 = Debug|Any CPU
		{B24AA094-7688-4BBB-9A08-6FC4BF40F558}.Release|Any CPU.ActiveCfg = Release|Any CPU
		{B24AA094-7688-4BBB-9A08-6FC4BF40F558}.Release|Any CPU.Build.0 = Release|Any CPU
		{1E09FAA5-E299-4605-86BF-2936B0B6CFD3}.Debug|Any CPU.ActiveCfg = Debug|Any CPU
		{1E09FAA5-E299-4605-86BF-2936B0B6CFD3}.Debug|Any CPU.Build.0 = Debug|Any CPU
		{1E09FAA5-E299-4605-86BF-2936B0B6CFD3}.Release|Any CPU.ActiveCfg = Release|Any CPU
		{1E09FAA5-E299-4605-86BF-2936B0B6CFD3}.Release|Any CPU.Build.0 = Release|Any CPU
		{CFE17D80-B39B-428E-9AC4-0E83B268E897}.Debug|Any CPU.ActiveCfg = Debug|Any CPU
		{CFE17D80-B39B-428E-9AC4-0E83B268E897}.Debug|Any CPU.Build.0 = Debug|Any CPU
		{CFE17D80-B39B-428E-9AC4-0E83B268E897}.Release|Any CPU.ActiveCfg = Release|Any CPU
		{CFE17D80-B39B-428E-9AC4-0E83B268E897}.Release|Any CPU.Build.0 = Release|Any CPU
		{3E7575D2-CC08-442F-94A9-1BD421722066}.Debug|Any CPU.ActiveCfg = Debug|Any CPU
		{3E7575D2-CC08-442F-94A9-1BD421722066}.Debug|Any CPU.Build.0 = Debug|Any CPU
		{3E7575D2-CC08-442F-94A9-1BD421722066}.Release|Any CPU.ActiveCfg = Release|Any CPU
		{3E7575D2-CC08-442F-94A9-1BD421722066}.Release|Any CPU.Build.0 = Release|Any CPU
		{58E82594-892C-4FD8-BA25-06AA5F35F882}.Debug|Any CPU.ActiveCfg = Debug|Any CPU
		{58E82594-892C-4FD8-BA25-06AA5F35F882}.Debug|Any CPU.Build.0 = Debug|Any CPU
		{58E82594-892C-4FD8-BA25-06AA5F35F882}.Release|Any CPU.ActiveCfg = Release|Any CPU
		{58E82594-892C-4FD8-BA25-06AA5F35F882}.Release|Any CPU.Build.0 = Release|Any CPU
		{2AD45D0D-1D19-4359-889A-ACBBEDD2ED50}.Debug|Any CPU.ActiveCfg = Debug|Any CPU
		{2AD45D0D-1D19-4359-889A-ACBBEDD2ED50}.Debug|Any CPU.Build.0 = Debug|Any CPU
		{2AD45D0D-1D19-4359-889A-ACBBEDD2ED50}.Release|Any CPU.ActiveCfg = Release|Any CPU
		{2AD45D0D-1D19-4359-889A-ACBBEDD2ED50}.Release|Any CPU.Build.0 = Release|Any CPU
		{5F919C0F-3DC7-4FF4-B48E-256E5A0F2762}.Debug|Any CPU.ActiveCfg = Debug|Any CPU
		{5F919C0F-3DC7-4FF4-B48E-256E5A0F2762}.Debug|Any CPU.Build.0 = Debug|Any CPU
		{5F919C0F-3DC7-4FF4-B48E-256E5A0F2762}.Release|Any CPU.ActiveCfg = Release|Any CPU
		{5F919C0F-3DC7-4FF4-B48E-256E5A0F2762}.Release|Any CPU.Build.0 = Release|Any CPU
		{BF503C88-E369-4DD8-960B-B85B5D1D4ED8}.Debug|Any CPU.ActiveCfg = Debug|Any CPU
		{BF503C88-E369-4DD8-960B-B85B5D1D4ED8}.Debug|Any CPU.Build.0 = Debug|Any CPU
		{BF503C88-E369-4DD8-960B-B85B5D1D4ED8}.Release|Any CPU.ActiveCfg = Release|Any CPU
		{BF503C88-E369-4DD8-960B-B85B5D1D4ED8}.Release|Any CPU.Build.0 = Release|Any CPU
		{7A2089F2-45A8-41DD-B654-E9B453B0B3A1}.Debug|Any CPU.ActiveCfg = Debug|Any CPU
		{7A2089F2-45A8-41DD-B654-E9B453B0B3A1}.Debug|Any CPU.Build.0 = Debug|Any CPU
		{7A2089F2-45A8-41DD-B654-E9B453B0B3A1}.Release|Any CPU.ActiveCfg = Release|Any CPU
		{7A2089F2-45A8-41DD-B654-E9B453B0B3A1}.Release|Any CPU.Build.0 = Release|Any CPU
		{E8384BF2-EDA4-4888-A53D-DA6D3D2E22E2}.Debug|Any CPU.ActiveCfg = Debug|Any CPU
		{E8384BF2-EDA4-4888-A53D-DA6D3D2E22E2}.Debug|Any CPU.Build.0 = Debug|Any CPU
		{E8384BF2-EDA4-4888-A53D-DA6D3D2E22E2}.Release|Any CPU.ActiveCfg = Release|Any CPU
		{E8384BF2-EDA4-4888-A53D-DA6D3D2E22E2}.Release|Any CPU.Build.0 = Release|Any CPU
		{0C2709A1-5891-4C25-8592-A6A0B84FD4D9}.Debug|Any CPU.ActiveCfg = Debug|Any CPU
		{0C2709A1-5891-4C25-8592-A6A0B84FD4D9}.Debug|Any CPU.Build.0 = Debug|Any CPU
		{0C2709A1-5891-4C25-8592-A6A0B84FD4D9}.Release|Any CPU.ActiveCfg = Release|Any CPU
		{0C2709A1-5891-4C25-8592-A6A0B84FD4D9}.Release|Any CPU.Build.0 = Release|Any CPU
		{41F62770-8A91-47ED-8EC5-7609F8BA4004}.Debug|Any CPU.ActiveCfg = Debug|Any CPU
		{41F62770-8A91-47ED-8EC5-7609F8BA4004}.Debug|Any CPU.Build.0 = Debug|Any CPU
		{41F62770-8A91-47ED-8EC5-7609F8BA4004}.Release|Any CPU.ActiveCfg = Release|Any CPU
		{41F62770-8A91-47ED-8EC5-7609F8BA4004}.Release|Any CPU.Build.0 = Release|Any CPU
		{BC616D54-713C-4FCC-8AB4-DA5859A85CC0}.Debug|Any CPU.ActiveCfg = Debug|Any CPU
		{BC616D54-713C-4FCC-8AB4-DA5859A85CC0}.Debug|Any CPU.Build.0 = Debug|Any CPU
		{BC616D54-713C-4FCC-8AB4-DA5859A85CC0}.Release|Any CPU.ActiveCfg = Release|Any CPU
		{BC616D54-713C-4FCC-8AB4-DA5859A85CC0}.Release|Any CPU.Build.0 = Release|Any CPU
		{50608EC6-DB06-4AC2-9AB4-FEA253A40C44}.Debug|Any CPU.ActiveCfg = Debug|Any CPU
		{50608EC6-DB06-4AC2-9AB4-FEA253A40C44}.Debug|Any CPU.Build.0 = Debug|Any CPU
		{50608EC6-DB06-4AC2-9AB4-FEA253A40C44}.Release|Any CPU.ActiveCfg = Release|Any CPU
		{50608EC6-DB06-4AC2-9AB4-FEA253A40C44}.Release|Any CPU.Build.0 = Release|Any CPU
		{94A5AA84-B02A-4009-83E6-E4A32293EA50}.Debug|Any CPU.ActiveCfg = Debug|Any CPU
		{94A5AA84-B02A-4009-83E6-E4A32293EA50}.Debug|Any CPU.Build.0 = Debug|Any CPU
		{94A5AA84-B02A-4009-83E6-E4A32293EA50}.Release|Any CPU.ActiveCfg = Release|Any CPU
		{94A5AA84-B02A-4009-83E6-E4A32293EA50}.Release|Any CPU.Build.0 = Release|Any CPU
		{3B7A362A-7E7A-4DEC-AA1A-3298029EDA49}.Debug|Any CPU.ActiveCfg = Debug|Any CPU
		{3B7A362A-7E7A-4DEC-AA1A-3298029EDA49}.Debug|Any CPU.Build.0 = Debug|Any CPU
		{3B7A362A-7E7A-4DEC-AA1A-3298029EDA49}.Release|Any CPU.ActiveCfg = Release|Any CPU
		{3B7A362A-7E7A-4DEC-AA1A-3298029EDA49}.Release|Any CPU.Build.0 = Release|Any CPU
	EndGlobalSection
	GlobalSection(SolutionProperties) = preSolution
		HideSolutionNode = FALSE
	EndGlobalSection
	GlobalSection(NestedProjects) = preSolution
		{81042B4E-E017-416C-8740-4DE4621E9CE4} = {845863D4-41A9-41B0-A09E-FCD44083CC00}
		{C7882C08-4E92-4EC0-8508-DE130E0B9FA3} = {845863D4-41A9-41B0-A09E-FCD44083CC00}
		{94080703-2703-4B6B-98C5-52EE5A94B77A} = {845863D4-41A9-41B0-A09E-FCD44083CC00}
		{13D7A982-C9D9-4F07-8466-B490FCBA6463} = {845863D4-41A9-41B0-A09E-FCD44083CC00}
		{F0CD9BAC-3415-4279-920B-1E1AAD98E045} = {845863D4-41A9-41B0-A09E-FCD44083CC00}
		{A44C2BBA-9503-46F6-8452-5A66161D631A} = {A2F27CFE-8A1B-4C2D-A102-C4F7577383B9}
		{B24AA094-7688-4BBB-9A08-6FC4BF40F558} = {A2F27CFE-8A1B-4C2D-A102-C4F7577383B9}
		{1E09FAA5-E299-4605-86BF-2936B0B6CFD3} = {A2F27CFE-8A1B-4C2D-A102-C4F7577383B9}
		{CFE17D80-B39B-428E-9AC4-0E83B268E897} = {A2F27CFE-8A1B-4C2D-A102-C4F7577383B9}
		{3E7575D2-CC08-442F-94A9-1BD421722066} = {A2F27CFE-8A1B-4C2D-A102-C4F7577383B9}
		{58E82594-892C-4FD8-BA25-06AA5F35F882} = {A2F27CFE-8A1B-4C2D-A102-C4F7577383B9}
		{2AD45D0D-1D19-4359-889A-ACBBEDD2ED50} = {A2F27CFE-8A1B-4C2D-A102-C4F7577383B9}
		{5F919C0F-3DC7-4FF4-B48E-256E5A0F2762} = {A0A61AA9-1337-4309-834E-3435C07C6B48}
		{BF503C88-E369-4DD8-960B-B85B5D1D4ED8} = {A0A61AA9-1337-4309-834E-3435C07C6B48}
		{7A2089F2-45A8-41DD-B654-E9B453B0B3A1} = {A0A61AA9-1337-4309-834E-3435C07C6B48}
		{E8384BF2-EDA4-4888-A53D-DA6D3D2E22E2} = {A0A61AA9-1337-4309-834E-3435C07C6B48}
		{0C2709A1-5891-4C25-8592-A6A0B84FD4D9} = {A0A61AA9-1337-4309-834E-3435C07C6B48}
		{41F62770-8A91-47ED-8EC5-7609F8BA4004} = {A0A61AA9-1337-4309-834E-3435C07C6B48}
		{BC616D54-713C-4FCC-8AB4-DA5859A85CC0} = {A0A61AA9-1337-4309-834E-3435C07C6B48}
		{50608EC6-DB06-4AC2-9AB4-FEA253A40C44} = {A0A61AA9-1337-4309-834E-3435C07C6B48}
		{94A5AA84-B02A-4009-83E6-E4A32293EA50} = {A0A61AA9-1337-4309-834E-3435C07C6B48}
		{3B7A362A-7E7A-4DEC-AA1A-3298029EDA49} = {A0A61AA9-1337-4309-834E-3435C07C6B48}
	EndGlobalSection
	GlobalSection(ExtensibilityGlobals) = postSolution
		SolutionGuid = {0B4E2659-3756-4173-9985-FF9F5100378B}
	EndGlobalSection
EndGlobal
